
Microsoft Visual Studio Solution File, Format Version 12.00
# Visual Studio Version 16
VisualStudioVersion = 16.0.30907.101
MinimumVisualStudioVersion = 10.0.40219.1
Project("{FAE04EC0-301F-11D3-BF4B-00C04F79EFBC}") = "FetchCurrencyWeb", "FetchCurrencyWeb.csproj", "{FD7F0A8C-2D74-46A4-BD71-0365C70EC717}"
EndProject
Global
	GlobalSection(SolutionConfigurationPlatforms) = preSolution
		Debug|Any CPU = Debug|Any CPU
		Release|Any CPU = Release|Any CPU
	EndGlobalSection
	GlobalSection(ProjectConfigurationPlatforms) = postSolution
		{FD7F0A8C-2D74-46A4-BD71-0365C70EC717}.Debug|Any CPU.ActiveCfg = Debug|Any CPU
		{FD7F0A8C-2D74-46A4-BD71-0365C70EC717}.Debug|Any CPU.Build.0 = Debug|Any CPU
		{FD7F0A8C-2D74-46A4-BD71-0365C70EC717}.Release|Any CPU.ActiveCfg = Release|Any CPU
		{FD7F0A8C-2D74-46A4-BD71-0365C70EC717}.Release|Any CPU.Build.0 = Release|Any CPU
	EndGlobalSection
	GlobalSection(SolutionProperties) = preSolution
		HideSolutionNode = FALSE
	EndGlobalSection
	GlobalSection(ExtensibilityGlobals) = postSolution
		SolutionGuid = {81BF168F-DAF9-43F0-9DFF-055FA1469508}
	EndGlobalSection
EndGlobal
