
Microsoft Visual Studio Solution File, Format Version 12.00
# Visual Studio Version 16
VisualStudioVersion = 16.0.30907.101
MinimumVisualStudioVersion = 10.0.40219.1
Project("{9A19103F-16F7-4668-BE54-9A1E7A4F7556}") = "CurrencyConsoleApplication", "CurrencyConsoleApplication\CurrencyConsoleApplication.csproj", "{C954C45F-E636-429A-8BF4-D55542C38CF7}"
EndProject
Project("{9A19103F-16F7-4668-BE54-9A1E7A4F7556}") = "CurrencyExchangeHelpers", "CurrencyExchangeHelpers\CurrencyExchangeHelpers.csproj", "{C1913381-6319-49E1-8E97-474BCD7ADDA3}"
EndProject
Project("{9A19103F-16F7-4668-BE54-9A1E7A4F7556}") = "CurrencyExchangeDAL", "CurrencyExchangeDAL\CurrencyExchangeDAL.csproj", "{9D0334CC-933A-4AC1-A404-BB4E2E605E9B}"
EndProject
Project("{FAE04EC0-301F-11D3-BF4B-00C04F79EFBC}") = "FetchCurrencyDataJob", "FetchCurrencyDataJob\FetchCurrencyDataJob.csproj", "{9C31D858-C4CE-428E-B63D-36D177072D5E}"
EndProject
Project("{FAE04EC0-301F-11D3-BF4B-00C04F79EFBC}") = "CurrencyExchangeAPI", "CurrencyExchangeAPI\CurrencyExchangeAPI.csproj", "{9047919C-F8B0-418D-AF28-83FDBC6AE8AB}"
EndProject
Global
	GlobalSection(SolutionConfigurationPlatforms) = preSolution
		Debug|Any CPU = Debug|Any CPU
		Release|Any CPU = Release|Any CPU
	EndGlobalSection
	GlobalSection(ProjectConfigurationPlatforms) = postSolution
		{C954C45F-E636-429A-8BF4-D55542C38CF7}.Debug|Any CPU.ActiveCfg = Debug|Any CPU
		{C954C45F-E636-429A-8BF4-D55542C38CF7}.Debug|Any CPU.Build.0 = Debug|Any CPU
		{C954C45F-E636-429A-8BF4-D55542C38CF7}.Release|Any CPU.ActiveCfg = Release|Any CPU
		{C954C45F-E636-429A-8BF4-D55542C38CF7}.Release|Any CPU.Build.0 = Release|Any CPU
		{C1913381-6319-49E1-8E97-474BCD7ADDA3}.Debug|Any CPU.ActiveCfg = Debug|Any CPU
		{C1913381-6319-49E1-8E97-474BCD7ADDA3}.Debug|Any CPU.Build.0 = Debug|Any CPU
		{C1913381-6319-49E1-8E97-474BCD7ADDA3}.Release|Any CPU.ActiveCfg = Release|Any CPU
		{C1913381-6319-49E1-8E97-474BCD7ADDA3}.Release|Any CPU.Build.0 = Release|Any CPU
		{9D0334CC-933A-4AC1-A404-BB4E2E605E9B}.Debug|Any CPU.ActiveCfg = Debug|Any CPU
		{9D0334CC-933A-4AC1-A404-BB4E2E605E9B}.Debug|Any CPU.Build.0 = Debug|Any CPU
		{9D0334CC-933A-4AC1-A404-BB4E2E605E9B}.Release|Any CPU.ActiveCfg = Release|Any CPU
		{9D0334CC-933A-4AC1-A404-BB4E2E605E9B}.Release|Any CPU.Build.0 = Release|Any CPU
		{9C31D858-C4CE-428E-B63D-36D177072D5E}.Debug|Any CPU.ActiveCfg = Debug|Any CPU
		{9C31D858-C4CE-428E-B63D-36D177072D5E}.Debug|Any CPU.Build.0 = Debug|Any CPU
		{9C31D858-C4CE-428E-B63D-36D177072D5E}.Release|Any CPU.ActiveCfg = Release|Any CPU
		{9C31D858-C4CE-428E-B63D-36D177072D5E}.Release|Any CPU.Build.0 = Release|Any CPU
		{9047919C-F8B0-418D-AF28-83FDBC6AE8AB}.Debug|Any CPU.ActiveCfg = Debug|Any CPU
		{9047919C-F8B0-418D-AF28-83FDBC6AE8AB}.Debug|Any CPU.Build.0 = Debug|Any CPU
		{9047919C-F8B0-418D-AF28-83FDBC6AE8AB}.Release|Any CPU.ActiveCfg = Release|Any CPU
		{9047919C-F8B0-418D-AF28-83FDBC6AE8AB}.Release|Any CPU.Build.0 = Release|Any CPU
	EndGlobalSection
	GlobalSection(SolutionProperties) = preSolution
		HideSolutionNode = FALSE
	EndGlobalSection
	GlobalSection(ExtensibilityGlobals) = postSolution
		SolutionGuid = {A55B075C-AAA9-4C08-B043-C7A070F918A4}
	EndGlobalSection
EndGlobal
